{
    "name": "open-hyper-ai",
    "version": "0.0.1",
    "lockfileVersion": 3,
    "requires": true,
    "packages": {
        "": {
            "name": "open-hyper-ai",
            "version": "0.0.1",
            "license": "MIT",
            "devDependencies": {
                "@types/node": "^22.10.3",
                "lua-types": "^2.13.1",
                "prettier": "^3.3.3",
                "typescript": "^5.5.4",
                "typescript-to-lua": "^1.26.2"
            }
        },
        "node_modules/@types/node": {
            "version": "22.10.3",
            "resolved": "https://registry.npmjs.org/@types/node/-/node-22.10.3.tgz",
            "integrity": "sha512-DifAyw4BkrufCILvD3ucnuN8eydUfc/C1GlyrnI+LK6543w5/L3VeVgf05o3B4fqSXP1dKYLOZsKfutpxPzZrw==",
            "dev": true,
            "license": "MIT",
            "dependencies": {
                "undici-types": "~6.20.0"
            }
        },
        "node_modules/@typescript-to-lua/language-extensions": {
            "version": "1.19.0",
            "resolved": "https://registry.npmjs.org/@typescript-to-lua/language-extensions/-/language-extensions-1.19.0.tgz",
            "integrity": "sha512-Os5wOKwviTD4LeqI29N0btYOjokSJ97iCf45EOjIABlb5IwNQy7AE/AqZJobRw3ywHH8+KzJUMkEirWPzh2tUA==",
            "dev": true,
            "license": "MIT"
        },
        "node_modules/enhanced-resolve": {
            "version": "5.17.1",
            "resolved": "https://registry.npmjs.org/enhanced-resolve/-/enhanced-resolve-5.17.1.tgz",
            "integrity": "sha512-LMHl3dXhTcfv8gM4kEzIUeTQ+7fpdA0l2tUf34BddXPkz2A5xJ5L/Pchd5BL6rdccM9QGvu0sWZzK1Z1t4wwyg==",
            "dev": true,
            "license": "MIT",
            "dependencies": {
                "graceful-fs": "^4.2.4",
                "tapable": "^2.2.0"
            },
            "engines": {
                "node": ">=10.13.0"
            }
        },
        "node_modules/function-bind": {
            "version": "1.1.2",
            "resolved": "https://registry.npmjs.org/function-bind/-/function-bind-1.1.2.tgz",
            "integrity": "sha512-7XHNxH7qX9xG5mIwxkhumTox/MIRNcOgDrxWsMt2pAr23WHp6MrRlN7FBSFpCpr+oVO0F744iUgR82nJMfG2SA==",
            "dev": true,
            "license": "MIT",
            "funding": {
                "url": "https://github.com/sponsors/ljharb"
            }
        },
        "node_modules/graceful-fs": {
            "version": "4.2.11",
            "resolved": "https://registry.npmjs.org/graceful-fs/-/graceful-fs-4.2.11.tgz",
            "integrity": "sha512-RbJ5/jmFcNNCcDV5o9eTnBLJ/HszWV0P73bc+Ff4nS/rJj+YaS6IGyiOL0VoBYX+l1Wrl3k63h/KrH+nhJ0XvQ==",
            "dev": true,
            "license": "ISC"
        },
        "node_modules/hasown": {
            "version": "2.0.2",
            "resolved": "https://registry.npmjs.org/hasown/-/hasown-2.0.2.tgz",
            "integrity": "sha512-0hJU9SCPvmMzIBdZFqNPXWa6dqh7WdH0cII9y+CyS8rG3nL48Bclra9HmKhVVUHyPWNH5Y7xDwAB7bfgSjkUMQ==",
            "dev": true,
            "license": "MIT",
            "dependencies": {
                "function-bind": "^1.1.2"
            },
            "engines": {
                "node": ">= 0.4"
            }
        },
        "node_modules/is-core-module": {
            "version": "2.15.1",
            "resolved": "https://registry.npmjs.org/is-core-module/-/is-core-module-2.15.1.tgz",
            "integrity": "sha512-z0vtXSwucUJtANQWldhbtbt7BnL0vxiFjIdDLAatwhDYty2bad6s+rijD6Ri4YuYJubLzIJLUidCh09e1djEVQ==",
            "dev": true,
            "license": "MIT",
            "dependencies": {
                "hasown": "^2.0.2"
            },
            "engines": {
                "node": ">= 0.4"
            },
            "funding": {
                "url": "https://github.com/sponsors/ljharb"
            }
        },
        "node_modules/lua-types": {
            "version": "2.13.1",
            "resolved": "https://registry.npmjs.org/lua-types/-/lua-types-2.13.1.tgz",
            "integrity": "sha512-rRwtvX6kS+5MpuO3xpvKsnYjdSDDI064Qq1OqX8gY+r+0l7m3dFLiZPDFoHqH22jaBpEvcHcPs6+WD7qkdmFsA==",
            "dev": true,
            "license": "MIT"
        },
        "node_modules/path-parse": {
            "version": "1.0.7",
            "resolved": "https://registry.npmjs.org/path-parse/-/path-parse-1.0.7.tgz",
            "integrity": "sha512-LDJzPVEEEPR+y48z93A0Ed0yXb8pAByGWo/k5YYdYgpY2/2EsOsksJrq7lOHxryrVOn1ejG6oAp8ahvOIQD8sw==",
            "dev": true,
            "license": "MIT"
        },
        "node_modules/picomatch": {
            "version": "2.3.1",
            "resolved": "https://registry.npmjs.org/picomatch/-/picomatch-2.3.1.tgz",
            "integrity": "sha512-JU3teHTNjmE2VCGFzuY8EXzCDVwEqB2a8fsIvwaStHhAWJEeVd1o1QD80CU6+ZdEXXSLbSsuLwJjkCBWqRQUVA==",
            "dev": true,
            "license": "MIT",
            "engines": {
                "node": ">=8.6"
            },
            "funding": {
                "url": "https://github.com/sponsors/jonschlinkert"
            }
        },
        "node_modules/prettier": {
            "version": "3.3.3",
            "resolved": "https://registry.npmjs.org/prettier/-/prettier-3.3.3.tgz",
            "integrity": "sha512-i2tDNA0O5IrMO757lfrdQZCc2jPNDVntV0m/+4whiDfWaTKfMNgR7Qz0NAeGz/nRqF4m5/6CLzbP4/liHt12Ew==",
            "dev": true,
            "license": "MIT",
            "bin": {
                "prettier": "bin/prettier.cjs"
            },
            "engines": {
                "node": ">=14"
            },
            "funding": {
                "url": "https://github.com/prettier/prettier?sponsor=1"
            }
        },
        "node_modules/resolve": {
            "version": "1.22.8",
            "resolved": "https://registry.npmjs.org/resolve/-/resolve-1.22.8.tgz",
            "integrity": "sha512-oKWePCxqpd6FlLvGV1VU0x7bkPmmCNolxzjMf4NczoDnQcIWrAF+cPtZn5i6n+RfD2d9i0tzpKnG6Yk168yIyw==",
            "dev": true,
            "license": "MIT",
            "dependencies": {
                "is-core-module": "^2.13.0",
                "path-parse": "^1.0.7",
                "supports-preserve-symlinks-flag": "^1.0.0"
            },
            "bin": {
                "resolve": "bin/resolve"
            },
            "funding": {
                "url": "https://github.com/sponsors/ljharb"
            }
        },
        "node_modules/source-map": {
            "version": "0.7.4",
            "resolved": "https://registry.npmjs.org/source-map/-/source-map-0.7.4.tgz",
            "integrity": "sha512-l3BikUxvPOcn5E74dZiq5BGsTb5yEwhaTSzccU6t4sDOH8NWJCstKO5QT2CvtFoK6F0saL7p9xHAqHOlCPJygA==",
            "dev": true,
            "license": "BSD-3-Clause",
            "engines": {
                "node": ">= 8"
            }
        },
        "node_modules/supports-preserve-symlinks-flag": {
            "version": "1.0.0",
            "resolved": "https://registry.npmjs.org/supports-preserve-symlinks-flag/-/supports-preserve-symlinks-flag-1.0.0.tgz",
            "integrity": "sha512-ot0WnXS9fgdkgIcePe6RHNk1WA8+muPa6cSjeR3V8K27q9BB1rTE3R1p7Hv0z1ZyAc8s6Vvv8DIyWf681MAt0w==",
            "dev": true,
            "license": "MIT",
            "engines": {
                "node": ">= 0.4"
            },
            "funding": {
                "url": "https://github.com/sponsors/ljharb"
            }
        },
        "node_modules/tapable": {
            "version": "2.2.1",
            "resolved": "https://registry.npmjs.org/tapable/-/tapable-2.2.1.tgz",
            "integrity": "sha512-GNzQvQTOIP6RyTfE2Qxb8ZVlNmw0n88vp1szwWRimP02mnTsx3Wtn5qRdqY9w2XduFNUgvOwhNnQsjwCp+kqaQ==",
            "dev": true,
            "license": "MIT",
            "engines": {
                "node": ">=6"
            }
        },
        "node_modules/typescript": {
            "version": "5.5.4",
            "resolved": "https://registry.npmjs.org/typescript/-/typescript-5.5.4.tgz",
            "integrity": "sha512-Mtq29sKDAEYP7aljRgtPOpTvOfbwRWlS6dPRzwjdE+C0R4brX/GUyhHSecbHMFLNBLcJIPt9nl9yG5TZ1weH+Q==",
            "dev": true,
            "license": "Apache-2.0",
            "bin": {
                "tsc": "bin/tsc",
                "tsserver": "bin/tsserver"
            },
            "engines": {
                "node": ">=14.17"
            }
        },
        "node_modules/typescript-to-lua": {
            "version": "1.26.2",
            "resolved": "https://registry.npmjs.org/typescript-to-lua/-/typescript-to-lua-1.26.2.tgz",
            "integrity": "sha512-nmlYhi0mlXOKK5q3GumstC/fk30xPSILQTK5GHcTovSiCzSovLUq0F6NNBnSMskmw9ENjUwdMtHUl2IpfeiGrw==",
            "dev": true,
            "license": "MIT",
            "dependencies": {
                "@typescript-to-lua/language-extensions": "1.19.0",
                "enhanced-resolve": "^5.8.2",
                "picomatch": "^2.3.1",
                "resolve": "^1.15.1",
                "source-map": "^0.7.3"
            },
            "bin": {
                "tstl": "dist/tstl.js"
            },
            "engines": {
                "node": ">=16.10.0"
            },
            "peerDependencies": {
                "typescript": "5.5.2"
            }
        },
        "node_modules/undici-types": {
            "version": "6.20.0",
            "resolved": "https://registry.npmjs.org/undici-types/-/undici-types-6.20.0.tgz",
            "integrity": "sha512-Ny6QZ2Nju20vw1SRHe3d9jVu6gJ+4e3+MMpqu7pqE5HT6WsTSlce++GQmK5UXS8mzV8DSYHrQH+Xrf2jVcuKNg==",
            "dev": true,
            "license": "MIT"
        }
    }
}
